// !$*UTF8*$!
{
	archiveVersion = 1;
	classes = {
	};
	objectVersion = 46;
	objects = {

/* Begin PBXBuildFile section */
		93959A361AE6C0FB00AEC815 /* AppDelegate.swift in Sources */ = {isa = PBXBuildFile; fileRef = 93959A351AE6C0FB00AEC815 /* AppDelegate.swift */; };
		93959A381AE6C0FB00AEC815 /* ViewController.swift in Sources */ = {isa = PBXBuildFile; fileRef = 93959A371AE6C0FB00AEC815 /* ViewController.swift */; };
		93959A3B1AE6C0FB00AEC815 /* Main.storyboard in Resources */ = {isa = PBXBuildFile; fileRef = 93959A391AE6C0FB00AEC815 /* Main.storyboard */; };
		93959A3D1AE6C0FB00AEC815 /* Images.xcassets in Resources */ = {isa = PBXBuildFile; fileRef = 93959A3C1AE6C0FB00AEC815 /* Images.xcassets */; };
		93959A401AE6C0FB00AEC815 /* LaunchScreen.xib in Resources */ = {isa = PBXBuildFile; fileRef = 93959A3E1AE6C0FB00AEC815 /* LaunchScreen.xib */; };
		93959A581AE6C18F00AEC815 /* CoreBluetooth.framework in Frameworks */ = {isa = PBXBuildFile; fileRef = 93959A571AE6C18F00AEC815 /* CoreBluetooth.framework */; };
		93959A5A1AE6C1A000AEC815 /* MicrosoftBandKit_iOS.framework in Frameworks */ = {isa = PBXBuildFile; fileRef = 93959A591AE6C1A000AEC815 /* MicrosoftBandKit_iOS.framework */; };
		93959A5D1AE6C21E00AEC815 /* D.png in Resources */ = {isa = PBXBuildFile; fileRef = 93959A5B1AE6C21E00AEC815 /* D.png */; };
		93959A5E1AE6C21E00AEC815 /* Dd.png in Resources */ = {isa = PBXBuildFile; fileRef = 93959A5C1AE6C21E00AEC815 /* Dd.png */; };
/* End PBXBuildFile section */

/* Begin PBXFileReference section */
		93959A301AE6C0FB00AEC815 /* BandTileEventSwift.app */ = {isa = PBXFileReference; explicitFileType = wrapper.application; includeInIndex = 0; path = BandTileEventSwift.app; sourceTree = BUILT_PRODUCTS_DIR; };
		93959A341AE6C0FB00AEC815 /* Info.plist */ = {isa = PBXFileReference; lastKnownFileType = text.plist.xml; path = Info.plist; sourceTree = "<group>"; };
		93959A351AE6C0FB00AEC815 /* AppDelegate.swift */ = {isa = PBXFileReference; lastKnownFileType = sourcecode.swift; path = AppDelegate.swift; sourceTree = "<group>"; };
		93959A371AE6C0FB00AEC815 /* ViewController.swift */ = {isa = PBXFileReference; lastKnownFileType = sourcecode.swift; path = ViewController.swift; sourceTree = "<group>"; };
		93959A3A1AE6C0FB00AEC815 /* Base */ = {isa = PBXFileReference; lastKnownFileType = file.storyboard; name = Base; path = Base.lproj/Main.storyboard; sourceTree = "<group>"; };
		93959A3C1AE6C0FB00AEC815 /* Images.xcassets */ = {isa = PBXFileReference; lastKnownFileType = folder.assetcatalog; path = Images.xcassets; sourceTree = "<group>"; };
		93959A3F1AE6C0FB00AEC815 /* Base */ = {isa = PBXFileReference; lastKnownFileType = file.xib; name = Base; path = Base.lproj/LaunchScreen.xib; sourceTree = "<group>"; };
		93959A551AE6C16D00AEC815 /* BandTileEventSwift-Bridging-Header.h */ = {isa = PBXFileReference; lastKnownFileType = sourcecode.c.h; path = "BandTileEventSwift-Bridging-Header.h"; sourceTree = "<group>"; };
		93959A571AE6C18F00AEC815 /* CoreBluetooth.framework */ = {isa = PBXFileReference; lastKnownFileType = wrapper.framework; name = CoreBluetooth.framework; path = System/Library/Frameworks/CoreBluetooth.framework; sourceTree = SDKROOT; };
		93959A591AE6C1A000AEC815 /* MicrosoftBandKit_iOS.framework */ = {isa = PBXFileReference; lastKnownFileType = wrapper.framework; path = MicrosoftBandKit_iOS.framework; sourceTree = "<group>"; };
		93959A5B1AE6C21E00AEC815 /* D.png */ = {isa = PBXFileReference; lastKnownFileType = image.png; path = D.png; sourceTree = "<group>"; };
		93959A5C1AE6C21E00AEC815 /* Dd.png */ = {isa = PBXFileReference; lastKnownFileType = image.png; path = Dd.png; sourceTree = "<group>"; };
/* End PBXFileReference section */

/* Begin PBXFrameworksBuildPhase section */
		93959A2D1AE6C0FB00AEC815 /* Frameworks */ = {
			isa = PBXFrameworksBuildPhase;
			buildActionMask = 2147483647;
			files = (
				93959A581AE6C18F00AEC815 /* CoreBluetooth.framework in Frameworks */,
				93959A5A1AE6C1A000AEC815 /* MicrosoftBandKit_iOS.framework in Frameworks */,
			);
			runOnlyForDeploymentPostprocessing = 0;
		};
/* End PBXFrameworksBuildPhase section */

/* Begin PBXGroup section */
		93959A271AE6C0FB00AEC815 = {
			isa = PBXGroup;
			children = (
				93959A561AE6C17800AEC815 /* Frameworks */,
				93959A321AE6C0FB00AEC815 /* BandTileEventSwift */,
				93959A311AE6C0FB00AEC815 /* Products */,
			);
			sourceTree = "<group>";
		};
		93959A311AE6C0FB00AEC815 /* Products */ = {
			isa = PBXGroup;
			children = (
				93959A301AE6C0FB00AEC815 /* BandTileEventSwift.app */,
			);
			name = Products;
			sourceTree = "<group>";
		};
		93959A321AE6C0FB00AEC815 /* BandTileEventSwift */ = {
			isa = PBXGroup;
			children = (
				93959A351AE6C0FB00AEC815 /* AppDelegate.swift */,
				93959A551AE6C16D00AEC815 /* BandTileEventSwift-Bridging-Header.h */,
				93959A371AE6C0FB00AEC815 /* ViewController.swift */,
				93959A391AE6C0FB00AEC815 /* Main.storyboard */,
				93959A3C1AE6C0FB00AEC815 /* Images.xcassets */,
				93959A3E1AE6C0FB00AEC815 /* LaunchScreen.xib */,
				93959A5B1AE6C21E00AEC815 /* D.png */,
				93959A5C1AE6C21E00AEC815 /* Dd.png */,
				93959A331AE6C0FB00AEC815 /* Supporting Files */,
			);
			path = BandTileEventSwift;
			sourceTree = "<group>";
		};
		93959A331AE6C0FB00AEC815 /* Supporting Files */ = {
			isa = PBXGroup;
			children = (
				93959A341AE6C0FB00AEC815 /* Info.plist */,
			);
			name = "Supporting Files";
			sourceTree = "<group>";
		};
		93959A561AE6C17800AEC815 /* Frameworks */ = {
			isa = PBXGroup;
			children = (
				93959A591AE6C1A000AEC815 /* MicrosoftBandKit_iOS.framework */,
				93959A571AE6C18F00AEC815 /* CoreBluetooth.framework */,
			);
			name = Frameworks;
			sourceTree = "<group>";
		};
/* End PBXGroup section */

/* Begin PBXNativeTarget section */
		93959A2F1AE6C0FB00AEC815 /* BandTileEventSwift */ = {
			isa = PBXNativeTarget;
			buildConfigurationList = 93959A4F1AE6C0FB00AEC815 /* Build configuration list for PBXNativeTarget "BandTileEventSwift" */;
			buildPhases = (
				93959A2C1AE6C0FB00AEC815 /* Sources */,
				93959A2D1AE6C0FB00AEC815 /* Frameworks */,
				93959A2E1AE6C0FB00AEC815 /* Resources */,
			);
			buildRules = (
			);
			dependencies = (
			);
			name = BandTileEventSwift;
			productName = BandTileEventSwift;
			productReference = 93959A301AE6C0FB00AEC815 /* BandTileEventSwift.app */;
			productType = "com.apple.product-type.application";
		};
/* End PBXNativeTarget section */

/* Begin PBXProject section */
		93959A281AE6C0FB00AEC815 /* Project object */ = {
			isa = PBXProject;
			attributes = {
				LastUpgradeCheck = 0630;
				ORGANIZATIONNAME = "New Thistle LLC";
				TargetAttributes = {
					93959A2F1AE6C0FB00AEC815 = {
						CreatedOnToolsVersion = 6.3;
					};
				};
			};
			buildConfigurationList = 93959A2B1AE6C0FB00AEC815 /* Build configuration list for PBXProject "BandTileEventSwift" */;
			compatibilityVersion = "Xcode 3.2";
			developmentRegion = English;
			hasScannedForEncodings = 0;
			knownRegions = (
				en,
				Base,
			);
			mainGroup = 93959A271AE6C0FB00AEC815;
			productRefGroup = 93959A311AE6C0FB00AEC815 /* Products */;
			projectDirPath = "";
			projectRoot = "";
			targets = (
				93959A2F1AE6C0FB00AEC815 /* BandTileEventSwift */,
			);
		};
/* End PBXProject section */

/* Begin PBXResourcesBuildPhase section */
		93959A2E1AE6C0FB00AEC815 /* Resources */ = {
			isa = PBXResourcesBuildPhase;
			buildActionMask = 2147483647;
			files = (
				93959A5E1AE6C21E00AEC815 /* Dd.png in Resources */,
				93959A5D1AE6C21E00AEC815 /* D.png in Resources */,
				93959A3B1AE6C0FB00AEC815 /* Main.storyboard in Resources */,
				93959A401AE6C0FB00AEC815 /* LaunchScreen.xib in Resources */,
				93959A3D1AE6C0FB00AEC815 /* Images.xcassets in Resources */,
			);
			runOnlyForDeploymentPostprocessing = 0;
		};
/* End PBXResourcesBuildPhase section */

/* Begin PBXSourcesBuildPhase section */
		93959A2C1AE6C0FB00AEC815 /* Sources */ = {
			isa = PBXSourcesBuildPhase;
			buildActionMask = 2147483647;
			files = (
				93959A381AE6C0FB00AEC815 /* ViewController.swift in Sources */,
				93959A361AE6C0FB00AEC815 /* AppDelegate.swift in Sources */,
			);
			runOnlyForDeploymentPostprocessing = 0;
		};
/* End PBXSourcesBuildPhase section */

/* Begin PBXVariantGroup section */
		93959A391AE6C0FB00AEC815 /* Main.storyboard */ = {
			isa = PBXVariantGroup;
			children = (
				93959A3A1AE6C0FB00AEC815 /* Base */,
			);
			name = Main.storyboard;
			sourceTree = "<group>";
		};
		93959A3E1AE6C0FB00AEC815 /* LaunchScreen.xib */ = {
			isa = PBXVariantGroup;
			children = (
				93959A3F1AE6C0FB00AEC815 /* Base */,
			);
			name = LaunchScreen.xib;
			sourceTree = "<group>";
		};
/* End PBXVariantGroup section */

/* Begin XCBuildConfiguration section */
		93959A4D1AE6C0FB00AEC815 /* Debug */ = {
			isa = XCBuildConfiguration;
			buildSettings = {
				ALWAYS_SEARCH_USER_PATHS = NO;
				CLANG_CXX_LANGUAGE_STANDARD = "gnu++0x";
				CLANG_CXX_LIBRARY = "libc++";
				CLANG_ENABLE_MODULES = YES;
				CLANG_ENABLE_OBJC_ARC = YES;
				CLANG_WARN_BOOL_CONVERSION = YES;
				CLANG_WARN_CONSTANT_CONVERSION = YES;
				CLANG_WARN_DIRECT_OBJC_ISA_USAGE = YES_ERROR;
				CLANG_WARN_EMPTY_BODY = YES;
				CLANG_WARN_ENUM_CONVERSION = YES;
				CLANG_WARN_INT_CONVERSION = YES;
				CLANG_WARN_OBJC_ROOT_CLASS = YES_ERROR;
				CLANG_WARN_UNREACHABLE_CODE = YES;
				CLANG_WARN__DUPLICATE_METHOD_MATCH = YES;
				"CODE_SIGN_IDENTITY[sdk=iphoneos*]" = "iPhone Developer";
				COPY_PHASE_STRIP = NO;
				DEBUG_INFORMATION_FORMAT = "dwarf-with-dsym";
				ENABLE_STRICT_OBJC_MSGSEND = YES;
				GCC_C_LANGUAGE_STANDARD = gnu99;
				GCC_DYNAMIC_NO_PIC = NO;
				GCC_NO_COMMON_BLOCKS = YES;
				GCC_OPTIMIZATION_LEVEL = 0;
				GCC_PREPROCESSOR_DEFINITIONS = (
					"DEBUG=1",
					"$(inherited)",
				);
				GCC_SYMBOLS_PRIVATE_EXTERN = NO;
				GCC_WARN_64_TO_32_BIT_CONVERSION = YES;
				GCC_WARN_ABOUT_RETURN_TYPE = YES_ERROR;
				GCC_WARN_UNDECLARED_SELECTOR = YES;
				GCC_WARN_UNINITIALIZED_AUTOS = YES_AGGRESSIVE;
				GCC_WARN_UNUSED_FUNCTION = YES;
				GCC_WARN_UNUSED_VARIABLE = YES;
				IPHONEOS_DEPLOYMENT_TARGET = 7.0;
				MTL_ENABLE_DEBUG_INFO = YES;
				ONLY_ACTIVE_ARCH = YES;
				SDKROOT = iphoneos;
				SWIFT_OPTIMIZATION_LEVEL = "-Onone";
			};
			name = Debug;
		};
		93959A4E1AE6C0FB00AEC815 /* Release */ = {
			isa = XCBuildConfiguration;
			buildSettings = {
				ALWAYS_SEARCH_USER_PATHS = NO;
				CLANG_CXX_LANGUAGE_STANDARD = "gnu++0x";
				CLANG_CXX_LIBRARY = "libc++";
				CLANG_ENABLE_MODULES = YES;
				CLANG_ENABLE_OBJC_ARC = YES;
				CLANG_WARN_BOOL_CONVERSION = YES;
				CLANG_WARN_CONSTANT_CONVERSION = YES;
				CLANG_WARN_DIRECT_OBJC_ISA_USAGE = YES_ERROR;
				CLANG_WARN_EMPTY_BODY = YES;
				CLANG_WARN_ENUM_CONVERSION = YES;
				CLANG_WARN_INT_CONVERSION = YES;
				CLANG_WARN_OBJC_ROOT_CLASS = YES_ERROR;
				CLANG_WARN_UNREACHABLE_CODE = YES;
				CLANG_WARN__DUPLICATE_METHOD_MATCH = YES;
				"CODE_SIGN_IDENTITY[sdk=iphoneos*]" = "iPhone Developer";
				COPY_PHASE_STRIP = NO;
				DEBUG_INFORMATION_FORMAT = "dwarf-with-dsym";
				ENABLE_NS_ASSERTIONS = NO;
				ENABLE_STRICT_OBJC_MSGSEND = YES;
				GCC_C_LANGUAGE_STANDARD = gnu99;
				GCC_NO_COMMON_BLOCKS = YES;
				GCC_WARN_64_TO_32_BIT_CONVERSION = YES;
				GCC_WARN_ABOUT_RETURN_TYPE = YES_ERROR;
				GCC_WARN_UNDECLARED_SELECTOR = YES;
				GCC_WARN_UNINITIALIZED_AUTOS = YES_AGGRESSIVE;
				GCC_WARN_UNUSED_FUNCTION = YES;
				GCC_WARN_UNUSED_VARIABLE = YES;
				IPHONEOS_DEPLOYMENT_TARGET = 7.0;
				MTL_ENABLE_DEBUG_INFO = NO;
				SDKROOT = iphoneos;
				VALIDATE_PRODUCT = YES;
			};
			name = Release;
		};
		93959A501AE6C0FB00AEC815 /* Debug */ = {
			isa = XCBuildConfiguration;
			buildSettings = {
				ASSETCATALOG_COMPILER_APPICON_NAME = AppIcon;
				FRAMEWORK_SEARCH_PATHS = (
					"$(inherited)",
					"$(PROJECT_DIR)",
				);
				INFOPLIST_FILE = BandTileEventSwift/Info.plist;
				LD_RUNPATH_SEARCH_PATHS = "$(inherited) @executable_path/Frameworks";
				PRODUCT_NAME = "$(TARGET_NAME)";
				SWIFT_OBJC_BRIDGING_HEADER = "BandTileEventSwift/BandTileEventSwift-Bridging-Header.h";
			};
			name = Debug;
		};
		93959A511AE6C0FB00AEC815 /* Release */ = {
			isa = XCBuildConfiguration;
			buildSettings = {
				ASSETCATALOG_COMPILER_APPICON_NAME = AppIcon;
				FRAMEWORK_SEARCH_PATHS = (
					"$(inherited)",
					"$(PROJECT_DIR)",
				);
				INFOPLIST_FILE = BandTileEventSwift/Info.plist;
				LD_RUNPATH_SEARCH_PATHS = "$(inherited) @executable_path/Frameworks";
				PRODUCT_NAME = "$(TARGET_NAME)";
				SWIFT_OBJC_BRIDGING_HEADER = "BandTileEventSwift/BandTileEventSwift-Bridging-Header.h";
			};
			name = Release;
		};
/* End XCBuildConfiguration section */

/* Begin XCConfigurationList section */
		93959A2B1AE6C0FB00AEC815 /* Build configuration list for PBXProject "BandTileEventSwift" */ = {
			isa = XCConfigurationList;
			buildConfigurations = (
				93959A4D1AE6C0FB00AEC815 /* Debug */,
				93959A4E1AE6C0FB00AEC815 /* Release */,
			);
			defaultConfigurationIsVisible = 0;
			defaultConfigurationName = Release;
		};
		93959A4F1AE6C0FB00AEC815 /* Build configuration list for PBXNativeTarget "BandTileEventSwift" */ = {
			isa = XCConfigurationList;
			buildConfigurations = (
				93959A501AE6C0FB00AEC815 /* Debug */,
				93959A511AE6C0FB00AEC815 /* Release */,
			);
			defaultConfigurationIsVisible = 0;
		};
/* End XCConfigurationList section */
	};
	rootObject = 93959A281AE6C0FB00AEC815 /* Project object */;
}
